
Microsoft Visual Studio Solution File, Format Version 12.00
# Visual Studio Version 17
VisualStudioVersion = 17.7.34009.444
MinimumVisualStudioVersion = 10.0.40219.1
Project("{FAE04EC0-301F-11D3-BF4B-00C04F79EFBC}") = "helloworld", "helloworld\helloworld.csproj", "{52FBE202-814C-434A-81CE-46CAC78B6938}"
EndProject
Global
	GlobalSection(SolutionConfigurationPlatforms) = preSolution
		Debug|Any CPU = Debug|Any CPU
		Release|Any CPU = Release|Any CPU
	EndGlobalSection
	GlobalSection(ProjectConfigurationPlatforms) = postSolution
		{52FBE202-814C-434A-81CE-46CAC78B6938}.Debug|Any CPU.ActiveCfg = Debug|Any CPU
		{52FBE202-814C-434A-81CE-46CAC78B6938}.Debug|Any CPU.Build.0 = Debug|Any CPU
		{52FBE202-814C-434A-81CE-46CAC78B6938}.Release|Any CPU.ActiveCfg = Release|Any CPU
		{52FBE202-814C-434A-81CE-46CAC78B6938}.Release|Any CPU.Build.0 = Release|Any CPU
	EndGlobalSection
	GlobalSection(SolutionProperties) = preSolution
		HideSolutionNode = FALSE
	EndGlobalSection
	GlobalSection(ExtensibilityGlobals) = postSolution
		SolutionGuid = {F9A29C4F-F843-4498-967C-1BF5DFFF1BD0}
	EndGlobalSection
EndGlobal
